# This file is automatically @generated by Cargo.
# It is not intended for manual editing.
version = 4

[[package]]
name = "aegis-shell"
version = "0.1.0"
dependencies = [
 "capability-audit",
 "capability-core",
 "grants",
]

[[package]]
name = "capability-audit"
version = "0.1.0"
dependencies = [
 "capability-core",
 "grants",
]

[[package]]
name = "capability-core"
version = "0.1.0"

[[package]]
name = "devices"
version = "0.1.0"
dependencies = [
 "capability-core",
]

[[package]]
name = "grants"
version = "0.1.0"
dependencies = [
 "capability-core",
]

[[package]]
name = "io-batch"
version = "0.1.0"
dependencies = [
 "capability-core",
]

[[package]]
name = "net"
version = "0.1.0"
dependencies = [
 "capability-core",
]

[[package]]
name = "object-store"
version = "0.1.0"
dependencies = [
 "capability-core",
]

[[package]]
name = "packages"
version = "0.1.0"
dependencies = [
 "capability-audit",
 "capability-core",
 "object-store",
]

[[package]]
name = "resources"
version = "0.1.0"
dependencies = [
 "capability-audit",
 "capability-core",
 "object-store",
 "packages",
]

[[package]]
name = "supervision-tree"
version = "0.1.0"
dependencies = [
 "capability-core",
]

[[package]]
name = "system-update"
version = "0.1.0"
dependencies = [
 "capability-audit",
 "capability-core",
 "object-store",
 "packages",
]
