# This file is automatically @generated by Cargo.
# It is not intended for manual editing.
version = 4

[[package]]
name = "aegis-shell"
version = "0.1.0"
dependencies = [
 "capability-audit",
 "capability-core",
 "grants",
]

[[package]]
name = "capability-audit"
version = "0.1.0"
dependencies = [
 "capability-core",
 "grants",
]

[[package]]
name = "capability-core"
version = "0.1.0"

[[package]]
name = "devices"
version = "0.1.0"
dependencies = [
 "capability-core",
]

[[package]]
name = "grants"
version = "0.1.0"
dependencies = [
 "capability-core",
]

[[package]]
name = "io-batch"
version = "0.1.0"
dependencies = [
 "capability-core",
]

[[package]]
name = "macaroon"
version = "0.1.0"
dependencies = [
 "capability-core",
 "object-store",
 "subtle",
]

[[package]]
name = "net"
version = "0.1.0"
dependencies = [
 "capability-core",
]

[[package]]
name = "object-store"
version = "0.1.0"
dependencies = [
 "capability-core",
]

[[package]]
name = "packages"
version = "0.1.0"
dependencies = [
 "capability-audit",
 "capability-core",
 "object-store",
]

[[package]]
name = "resources"
version = "0.1.0"
dependencies = [
 "capability-audit",
 "capability-core",
 "object-store",
 "packages",
]

[[package]]
name = "subtle"
version = "2.6.1"
source = "registry+https://github.com/rust-lang/crates.io-index"
checksum = "13c2bddecc57b384dee18652358fb23172facb8a2c51ccc10d74c157bdea3292"

[[package]]
name = "supervision-tree"
version = "0.1.0"
dependencies = [
 "capability-core",
]

[[package]]
name = "system-update"
version = "0.1.0"
dependencies = [
 "capability-audit",
 "capability-core",
 "object-store",
 "packages",
]
